
Microsoft Visual Studio Solution File, Format Version 12.00
# Visual Studio Version 17
VisualStudioVersion = 17.3.32929.385
MinimumVisualStudioVersion = 10.0.40219.1
Project("{FAE04EC0-301F-11D3-BF4B-00C04F79EFBC}") = "DeLaSalle.Ecommerce.Api", "DeLaSalle.Ecommerce.Api\DeLaSalle.Ecommerce.Api.csproj", "{07E58848-E1A4-456F-95F1-4EB6BA8FE91D}"
EndProject
Project("{FAE04EC0-301F-11D3-BF4B-00C04F79EFBC}") = "DeLaSalle.Ecommerce.Core", "DeLaSalle.Ecommerce.Core\DeLaSalle.Ecommerce.Core.csproj", "{C3D8D161-AE57-45C5-A8EA-097470CFA06B}"
EndProject
Project("{FAE04EC0-301F-11D3-BF4B-00C04F79EFBC}") = "DeLaSalle.Ecommerce.WebSite", "DeLaSalle.Ecommerce.WebSite\DeLaSalle.Ecommerce.WebSite.csproj", "{A8491E06-9B13-4E0B-B8DD-03820F49D681}"
EndProject
Global
	GlobalSection(SolutionConfigurationPlatforms) = preSolution
		Debug|Any CPU = Debug|Any CPU
		Release|Any CPU = Release|Any CPU
	EndGlobalSection
	GlobalSection(ProjectConfigurationPlatforms) = postSolution
		{07E58848-E1A4-456F-95F1-4EB6BA8FE91D}.Debug|Any CPU.ActiveCfg = Debug|Any CPU
		{07E58848-E1A4-456F-95F1-4EB6BA8FE91D}.Debug|Any CPU.Build.0 = Debug|Any CPU
		{07E58848-E1A4-456F-95F1-4EB6BA8FE91D}.Release|Any CPU.ActiveCfg = Release|Any CPU
		{07E58848-E1A4-456F-95F1-4EB6BA8FE91D}.Release|Any CPU.Build.0 = Release|Any CPU
		{C3D8D161-AE57-45C5-A8EA-097470CFA06B}.Debug|Any CPU.ActiveCfg = Debug|Any CPU
		{C3D8D161-AE57-45C5-A8EA-097470CFA06B}.Debug|Any CPU.Build.0 = Debug|Any CPU
		{C3D8D161-AE57-45C5-A8EA-097470CFA06B}.Release|Any CPU.ActiveCfg = Release|Any CPU
		{C3D8D161-AE57-45C5-A8EA-097470CFA06B}.Release|Any CPU.Build.0 = Release|Any CPU
		{A8491E06-9B13-4E0B-B8DD-03820F49D681}.Debug|Any CPU.ActiveCfg = Debug|Any CPU
		{A8491E06-9B13-4E0B-B8DD-03820F49D681}.Debug|Any CPU.Build.0 = Debug|Any CPU
		{A8491E06-9B13-4E0B-B8DD-03820F49D681}.Release|Any CPU.ActiveCfg = Release|Any CPU
		{A8491E06-9B13-4E0B-B8DD-03820F49D681}.Release|Any CPU.Build.0 = Release|Any CPU
	EndGlobalSection
	GlobalSection(SolutionProperties) = preSolution
		HideSolutionNode = FALSE
	EndGlobalSection
	GlobalSection(ExtensibilityGlobals) = postSolution
		SolutionGuid = {CA37A636-C2F8-43B7-A125-DA63D192E339}
	EndGlobalSection
EndGlobal
